
Microsoft Visual Studio Solution File, Format Version 12.00
Project("{FAE04EC0-301F-11D3-BF4B-00C04F79EFBC}") = "Payments", "Payments\Payments.csproj", "{ADD3611F-C0D1-4679-A7DD-67F0A1A0D101}"
EndProject
Global
	GlobalSection(SolutionConfigurationPlatforms) = preSolution
		Debug|Any CPU = Debug|Any CPU
		Release|Any CPU = Release|Any CPU
	EndGlobalSection
	GlobalSection(ProjectConfigurationPlatforms) = postSolution
		{ADD3611F-C0D1-4679-A7DD-67F0A1A0D101}.Debug|Any CPU.ActiveCfg = Debug|Any CPU
		{ADD3611F-C0D1-4679-A7DD-67F0A1A0D101}.Debug|Any CPU.Build.0 = Debug|Any CPU
		{ADD3611F-C0D1-4679-A7DD-67F0A1A0D101}.Release|Any CPU.ActiveCfg = Release|Any CPU
		{ADD3611F-C0D1-4679-A7DD-67F0A1A0D101}.Release|Any CPU.Build.0 = Release|Any CPU
	EndGlobalSection
EndGlobal
